<?xml version="1.0" encoding="UTF-8"?>
<Scheme version="1.7">
  <BuildAction parallelizeBuildables="YES" buildImplicitDependencies="YES">
    <BuildActionEntries>
      <BuildActionEntry buildForTesting="YES" buildForRunning="YES" buildForProfiling="NO" buildForArchiving="NO" buildForAnalyzing="YES">
        <BuildableReference BuildableIdentifier="primary" BlueprintIdentifier="2602B828302CCC6D000CE7D7" BuildableName="mathews-ios-acceptance.app" BlueprintName="mathews-ios-acceptance" ReferencedContainer="container:mathews-ios-acceptance.xcodeproj"/>
      </BuildActionEntry>
    </BuildActionEntries>
  </BuildAction>
  <TestAction buildConfiguration="Debug">
    <Testables>
      <TestableReference skipped="NO">
        <BuildableReference BuildableIdentifier="primary" BlueprintIdentifier="A11CE0000000000000000001" BuildableName="MathewsAcceptanceUITests.xctest" BlueprintName="MathewsAcceptanceUITests" ReferencedContainer="container:MathewsHarness.xcodeproj"/>
      </TestableReference>
    </Testables>
  </TestAction>
</Scheme>
